
Microsoft Visual Studio Solution File, Format Version 12.00
# Visual Studio Version 16
VisualStudioVersion = 16.0.29102.190
MinimumVisualStudioVersion = 10.0.40219.1
Project("{9A19103F-16F7-4668-BE54-9A1E7A4F7556}") = "MathLibrary", "MathLibrary\MathLibrary.csproj", "{39365337-C6CB-41B2-A5CD-A48979D0E326}"
EndProject
Project("{9A19103F-16F7-4668-BE54-9A1E7A4F7556}") = "DatabaseAccessLayer", "DatabaseAccessLayer\DatabaseAccessLayer.csproj", "{70A02D0B-6837-4521-B240-4D4E75DE0B87}"
EndProject
Project("{9A19103F-16F7-4668-BE54-9A1E7A4F7556}") = "BusinessLayer", "BusinessLayer\BusinessLayer.csproj", "{DB13354F-4DAE-4283-866B-15E68FA66A0D}"
EndProject
Project("{9A19103F-16F7-4668-BE54-9A1E7A4F7556}") = "BusinessLayer.Tests", "BusinessLayer.Tests\BusinessLayer.Tests.csproj", "{746F1C1B-ADD0-4584-BDF7-35EA1782AC28}"
EndProject
Project("{9A19103F-16F7-4668-BE54-9A1E7A4F7556}") = "CountApi", "CountApi\CountApi.csproj", "{D5A5AF26-74F9-4F1A-8755-2826B0ABD3CB}"
EndProject
Project("{9A19103F-16F7-4668-BE54-9A1E7A4F7556}") = "Common", "Common\Common.csproj", "{9E51B371-8B15-4ED5-8205-A60B30A90BAC}"
EndProject
Project("{FAE04EC0-301F-11D3-BF4B-00C04F79EFBC}") = "MathLibrary.Tests", "MathLibrary.Tests\MathLibrary.Tests.csproj", "{4A181C64-EC83-4EE2-94F6-2BD1346253DB}"
EndProject
Global
	GlobalSection(SolutionConfigurationPlatforms) = preSolution
		Debug|Any CPU = Debug|Any CPU
		Release|Any CPU = Release|Any CPU
	EndGlobalSection
	GlobalSection(ProjectConfigurationPlatforms) = postSolution
		{39365337-C6CB-41B2-A5CD-A48979D0E326}.Debug|Any CPU.ActiveCfg = Debug|Any CPU
		{39365337-C6CB-41B2-A5CD-A48979D0E326}.Debug|Any CPU.Build.0 = Debug|Any CPU
		{39365337-C6CB-41B2-A5CD-A48979D0E326}.Release|Any CPU.ActiveCfg = Release|Any CPU
		{39365337-C6CB-41B2-A5CD-A48979D0E326}.Release|Any CPU.Build.0 = Release|Any CPU
		{70A02D0B-6837-4521-B240-4D4E75DE0B87}.Debug|Any CPU.ActiveCfg = Debug|Any CPU
		{70A02D0B-6837-4521-B240-4D4E75DE0B87}.Debug|Any CPU.Build.0 = Debug|Any CPU
		{70A02D0B-6837-4521-B240-4D4E75DE0B87}.Release|Any CPU.ActiveCfg = Release|Any CPU
		{70A02D0B-6837-4521-B240-4D4E75DE0B87}.Release|Any CPU.Build.0 = Release|Any CPU
		{DB13354F-4DAE-4283-866B-15E68FA66A0D}.Debug|Any CPU.ActiveCfg = Debug|Any CPU
		{DB13354F-4DAE-4283-866B-15E68FA66A0D}.Debug|Any CPU.Build.0 = Debug|Any CPU
		{DB13354F-4DAE-4283-866B-15E68FA66A0D}.Release|Any CPU.ActiveCfg = Release|Any CPU
		{DB13354F-4DAE-4283-866B-15E68FA66A0D}.Release|Any CPU.Build.0 = Release|Any CPU
		{746F1C1B-ADD0-4584-BDF7-35EA1782AC28}.Debug|Any CPU.ActiveCfg = Debug|Any CPU
		{746F1C1B-ADD0-4584-BDF7-35EA1782AC28}.Debug|Any CPU.Build.0 = Debug|Any CPU
		{746F1C1B-ADD0-4584-BDF7-35EA1782AC28}.Release|Any CPU.ActiveCfg = Release|Any CPU
		{746F1C1B-ADD0-4584-BDF7-35EA1782AC28}.Release|Any CPU.Build.0 = Release|Any CPU
		{D5A5AF26-74F9-4F1A-8755-2826B0ABD3CB}.Debug|Any CPU.ActiveCfg = Debug|Any CPU
		{D5A5AF26-74F9-4F1A-8755-2826B0ABD3CB}.Debug|Any CPU.Build.0 = Debug|Any CPU
		{D5A5AF26-74F9-4F1A-8755-2826B0ABD3CB}.Release|Any CPU.ActiveCfg = Release|Any CPU
		{D5A5AF26-74F9-4F1A-8755-2826B0ABD3CB}.Release|Any CPU.Build.0 = Release|Any CPU
		{9E51B371-8B15-4ED5-8205-A60B30A90BAC}.Debug|Any CPU.ActiveCfg = Debug|Any CPU
		{9E51B371-8B15-4ED5-8205-A60B30A90BAC}.Debug|Any CPU.Build.0 = Debug|Any CPU
		{9E51B371-8B15-4ED5-8205-A60B30A90BAC}.Release|Any CPU.ActiveCfg = Release|Any CPU
		{9E51B371-8B15-4ED5-8205-A60B30A90BAC}.Release|Any CPU.Build.0 = Release|Any CPU
		{4A181C64-EC83-4EE2-94F6-2BD1346253DB}.Debug|Any CPU.ActiveCfg = Debug|Any CPU
		{4A181C64-EC83-4EE2-94F6-2BD1346253DB}.Debug|Any CPU.Build.0 = Debug|Any CPU
		{4A181C64-EC83-4EE2-94F6-2BD1346253DB}.Release|Any CPU.ActiveCfg = Release|Any CPU
		{4A181C64-EC83-4EE2-94F6-2BD1346253DB}.Release|Any CPU.Build.0 = Release|Any CPU
	EndGlobalSection
	GlobalSection(SolutionProperties) = preSolution
		HideSolutionNode = FALSE
	EndGlobalSection
	GlobalSection(ExtensibilityGlobals) = postSolution
		SolutionGuid = {33C62B3D-D7C0-46C3-A461-CB77E7E21F36}
	EndGlobalSection
EndGlobal
